
Microsoft Visual Studio Solution File, Format Version 12.00
# Visual Studio Version 17
VisualStudioVersion = 17.10.35004.147
MinimumVisualStudioVersion = 10.0.40219.1
Project("{FAE04EC0-301F-11D3-BF4B-00C04F79EFBC}") = "S3L1", "S3L1\S3L1.csproj", "{24DCBCAA-B7DB-4239-9B73-6CED08983E56}"
EndProject
Global
	GlobalSection(SolutionConfigurationPlatforms) = preSolution
		Debug|Any CPU = Debug|Any CPU
		Release|Any CPU = Release|Any CPU
	EndGlobalSection
	GlobalSection(ProjectConfigurationPlatforms) = postSolution
		{24DCBCAA-B7DB-4239-9B73-6CED08983E56}.Debug|Any CPU.ActiveCfg = Debug|Any CPU
		{24DCBCAA-B7DB-4239-9B73-6CED08983E56}.Debug|Any CPU.Build.0 = Debug|Any CPU
		{24DCBCAA-B7DB-4239-9B73-6CED08983E56}.Release|Any CPU.ActiveCfg = Release|Any CPU
		{24DCBCAA-B7DB-4239-9B73-6CED08983E56}.Release|Any CPU.Build.0 = Release|Any CPU
	EndGlobalSection
	GlobalSection(SolutionProperties) = preSolution
		HideSolutionNode = FALSE
	EndGlobalSection
	GlobalSection(ExtensibilityGlobals) = postSolution
		SolutionGuid = {E7476A81-C77C-4ED1-80EF-5EED48968BDD}
	EndGlobalSection
EndGlobal
