
Microsoft Visual Studio Solution File, Format Version 12.00
# Visual Studio Version 17
VisualStudioVersion = 17.10.35004.147
MinimumVisualStudioVersion = 10.0.40219.1
Project("{FAE04EC0-301F-11D3-BF4B-00C04F79EFBC}") = "Progetto Pizzeria", "Progetto Pizzeria\Progetto Pizzeria.csproj", "{6CDEBB0B-F6EF-4FD6-B682-31C0F6615AA1}"
EndProject
Global
	GlobalSection(SolutionConfigurationPlatforms) = preSolution
		Debug|Any CPU = Debug|Any CPU
		Release|Any CPU = Release|Any CPU
	EndGlobalSection
	GlobalSection(ProjectConfigurationPlatforms) = postSolution
		{6CDEBB0B-F6EF-4FD6-B682-31C0F6615AA1}.Debug|Any CPU.ActiveCfg = Debug|Any CPU
		{6CDEBB0B-F6EF-4FD6-B682-31C0F6615AA1}.Debug|Any CPU.Build.0 = Debug|Any CPU
		{6CDEBB0B-F6EF-4FD6-B682-31C0F6615AA1}.Release|Any CPU.ActiveCfg = Release|Any CPU
		{6CDEBB0B-F6EF-4FD6-B682-31C0F6615AA1}.Release|Any CPU.Build.0 = Release|Any CPU
	EndGlobalSection
	GlobalSection(SolutionProperties) = preSolution
		HideSolutionNode = FALSE
	EndGlobalSection
	GlobalSection(ExtensibilityGlobals) = postSolution
		SolutionGuid = {AD6DD2E2-A2BF-45D7-8B76-55492A3BF582}
	EndGlobalSection
EndGlobal
