
Microsoft Visual Studio Solution File, Format Version 12.00
# Visual Studio Version 17
VisualStudioVersion = 17.10.35004.147
MinimumVisualStudioVersion = 10.0.40219.1
Project("{FAE04EC0-301F-11D3-BF4B-00C04F79EFBC}") = "S3L5", "S3L5\S3L5.csproj", "{00769967-73A2-47AF-B886-804FEF568062}"
EndProject
Global
	GlobalSection(SolutionConfigurationPlatforms) = preSolution
		Debug|Any CPU = Debug|Any CPU
		Release|Any CPU = Release|Any CPU
	EndGlobalSection
	GlobalSection(ProjectConfigurationPlatforms) = postSolution
		{00769967-73A2-47AF-B886-804FEF568062}.Debug|Any CPU.ActiveCfg = Debug|Any CPU
		{00769967-73A2-47AF-B886-804FEF568062}.Debug|Any CPU.Build.0 = Debug|Any CPU
		{00769967-73A2-47AF-B886-804FEF568062}.Release|Any CPU.ActiveCfg = Release|Any CPU
		{00769967-73A2-47AF-B886-804FEF568062}.Release|Any CPU.Build.0 = Release|Any CPU
	EndGlobalSection
	GlobalSection(SolutionProperties) = preSolution
		HideSolutionNode = FALSE
	EndGlobalSection
	GlobalSection(ExtensibilityGlobals) = postSolution
		SolutionGuid = {DE437C14-FBE7-4EED-B7E9-D125CB3481AB}
	EndGlobalSection
EndGlobal
