
Microsoft Visual Studio Solution File, Format Version 12.00
# Visual Studio Version 17
VisualStudioVersion = 17.10.35004.147
MinimumVisualStudioVersion = 10.0.40219.1
Project("{FAE04EC0-301F-11D3-BF4B-00C04F79EFBC}") = "Progetto Municipale", "Progetto Municipale\Progetto Municipale.csproj", "{823A0AB8-7120-4DE1-B4C2-D86221CA587F}"
EndProject
Global
	GlobalSection(SolutionConfigurationPlatforms) = preSolution
		Debug|Any CPU = Debug|Any CPU
		Release|Any CPU = Release|Any CPU
	EndGlobalSection
	GlobalSection(ProjectConfigurationPlatforms) = postSolution
		{823A0AB8-7120-4DE1-B4C2-D86221CA587F}.Debug|Any CPU.ActiveCfg = Debug|Any CPU
		{823A0AB8-7120-4DE1-B4C2-D86221CA587F}.Debug|Any CPU.Build.0 = Debug|Any CPU
		{823A0AB8-7120-4DE1-B4C2-D86221CA587F}.Release|Any CPU.ActiveCfg = Release|Any CPU
		{823A0AB8-7120-4DE1-B4C2-D86221CA587F}.Release|Any CPU.Build.0 = Release|Any CPU
	EndGlobalSection
	GlobalSection(SolutionProperties) = preSolution
		HideSolutionNode = FALSE
	EndGlobalSection
	GlobalSection(ExtensibilityGlobals) = postSolution
		SolutionGuid = {1F5FF1D7-6B5E-4A81-A5F4-5860C59B5A38}
	EndGlobalSection
EndGlobal
